
Microsoft Visual Studio Solution File, Format Version 12.00
# Visual Studio Version 17
VisualStudioVersion = 17.12.35506.116 d17.12
MinimumVisualStudioVersion = 10.0.40219.1
Project("{FAE04EC0-301F-11D3-BF4B-00C04F79EFBC}") = "SteamCollectionDownloader", "SteamCollectionDownloader\SteamCollectionDownloader.csproj", "{5932455A-99D0-4B3A-AF3D-756B22C0F13C}"
EndProject
Global
	GlobalSection(SolutionConfigurationPlatforms) = preSolution
		Debug|Any CPU = Debug|Any CPU
		Release|Any CPU = Release|Any CPU
	EndGlobalSection
	GlobalSection(ProjectConfigurationPlatforms) = postSolution
		{5932455A-99D0-4B3A-AF3D-756B22C0F13C}.Debug|Any CPU.ActiveCfg = Debug|Any CPU
		{5932455A-99D0-4B3A-AF3D-756B22C0F13C}.Debug|Any CPU.Build.0 = Debug|Any CPU
		{5932455A-99D0-4B3A-AF3D-756B22C0F13C}.Release|Any CPU.ActiveCfg = Release|Any CPU
		{5932455A-99D0-4B3A-AF3D-756B22C0F13C}.Release|Any CPU.Build.0 = Release|Any CPU
	EndGlobalSection
	GlobalSection(SolutionProperties) = preSolution
		HideSolutionNode = FALSE
	EndGlobalSection
EndGlobal
